<?xml version="1.0" encoding="utf-8"?>
<Project ToolsVersion="4.0" xmlns="http://schemas.microsoft.com/developer/msbuild/2003">
  <ItemGroup>
    <Filter Include="源文件">
      <UniqueIdentifier>{4FC737F1-C7A5-4376-A066-2A32D752A2FF}</UniqueIdentifier>
      <Extensions>cpp;c;cc;cxx;def;odl;idl;hpj;bat;asm;asmx</Extensions>
    </Filter>
    <Filter Include="头文件">
      <UniqueIdentifier>{93995380-89BD-4b04-88EB-625FBE52EBFB}</UniqueIdentifier>
      <Extensions>h;hh;hpp;hxx;hm;inl;inc;ipp;xsd</Extensions>
    </Filter>
    <Filter Include="资源文件">
      <UniqueIdentifier>{67DA6AB6-F800-4c08-8B7A-83BB121AAD01}</UniqueIdentifier>
      <Extensions>rc;ico;cur;bmp;dlg;rc2;rct;bin;rgs;gif;jpg;jpeg;jpe;resx;tiff;tif;png;wav;mfcribbon-ms</Extensions>
    </Filter>
    <Filter Include="源文件\huawei_secure_c">
      <UniqueIdentifier>{a53f903a-354e-48d2-b0a1-0397a9193302}</UniqueIdentifier>
    </Filter>
    <Filter Include="源文件\huawei_secure_c\include">
      <UniqueIdentifier>{4a175f12-0d44-4c9c-b185-7be4d55f479c}</UniqueIdentifier>
    </Filter>
  </ItemGroup>
  <ItemGroup>
    <ClCompile Include="ConsoleApplication2.cpp">
      <Filter>源文件</Filter>
    </ClCompile>
    <ClCompile Include="46_permutations_46.cpp">
      <Filter>源文件</Filter>
    </ClCompile>
    <ClCompile Include="77_combinations_77.cpp">
      <Filter>源文件</Filter>
    </ClCompile>
    <ClCompile Include="90_subsets_ii_90.cpp">
      <Filter>源文件</Filter>
    </ClCompile>
    <ClCompile Include="78_subsets_78.cpp">
      <Filter>源文件</Filter>
    </ClCompile>
    <ClCompile Include="39_combination-sum_39.cpp">
      <Filter>源文件</Filter>
    </ClCompile>
    <ClCompile Include="50_pow_x_n_50.cpp">
      <Filter>源文件</Filter>
    </ClCompile>
    <ClCompile Include="21_merge-two-sorted-lists-21.cpp">
      <Filter>源文件</Filter>
    </ClCompile>
    <ClCompile Include="148-sort_list_148.cpp">
      <Filter>源文件</Filter>
    </ClCompile>
    <ClCompile Include="779_k-th-symbol-in-grammar_779.cpp">
      <Filter>源文件</Filter>
    </ClCompile>
    <ClCompile Include="556-next-greater-element-iii.cpp">
      <Filter>源文件</Filter>
    </ClCompile>
  </ItemGroup>
  <ItemGroup>
    <ClInclude Include="huawei_secure_c\include\securec.h">
      <Filter>源文件\huawei_secure_c\include</Filter>
    </ClInclude>
    <ClInclude Include="huawei_secure_c\include\securectype.h">
      <Filter>源文件\huawei_secure_c\include</Filter>
    </ClInclude>
  </ItemGroup>
</Project>